
Microsoft Visual Studio Solution File, Format Version 12.00
# Visual Studio Version 17
VisualStudioVersion = 17.7.34024.191
MinimumVisualStudioVersion = 10.0.40219.1
Project("{FAE04EC0-301F-11D3-BF4B-00C04F79EFBC}") = "WpfAppJGG", "WpfAppJGG\WpfAppJGG.csproj", "{2C33011D-253B-4300-871D-66A7506F9DA3}"
EndProject
Project("{FAE04EC0-301F-11D3-BF4B-00C04F79EFBC}") = "ClassLibrary1", "ClassLibrary1\ClassLibrary1.csproj", "{CE4FAE62-11BE-4DB8-8AA6-A2DD556C7C0B}"
EndProject
Global
	GlobalSection(SolutionConfigurationPlatforms) = preSolution
		Debug|Any CPU = Debug|Any CPU
		Release|Any CPU = Release|Any CPU
	EndGlobalSection
	GlobalSection(ProjectConfigurationPlatforms) = postSolution
		{2C33011D-253B-4300-871D-66A7506F9DA3}.Debug|Any CPU.ActiveCfg = Debug|Any CPU
		{2C33011D-253B-4300-871D-66A7506F9DA3}.Debug|Any CPU.Build.0 = Debug|Any CPU
		{2C33011D-253B-4300-871D-66A7506F9DA3}.Release|Any CPU.ActiveCfg = Release|Any CPU
		{2C33011D-253B-4300-871D-66A7506F9DA3}.Release|Any CPU.Build.0 = Release|Any CPU
		{CE4FAE62-11BE-4DB8-8AA6-A2DD556C7C0B}.Debug|Any CPU.ActiveCfg = Debug|Any CPU
		{CE4FAE62-11BE-4DB8-8AA6-A2DD556C7C0B}.Debug|Any CPU.Build.0 = Debug|Any CPU
		{CE4FAE62-11BE-4DB8-8AA6-A2DD556C7C0B}.Release|Any CPU.ActiveCfg = Release|Any CPU
		{CE4FAE62-11BE-4DB8-8AA6-A2DD556C7C0B}.Release|Any CPU.Build.0 = Release|Any CPU
	EndGlobalSection
	GlobalSection(SolutionProperties) = preSolution
		HideSolutionNode = FALSE
	EndGlobalSection
	GlobalSection(ExtensibilityGlobals) = postSolution
		SolutionGuid = {C186F439-825F-4A70-9120-7EF7BF569D4E}
	EndGlobalSection
EndGlobal
