
Microsoft Visual Studio Solution File, Format Version 12.00
# Visual Studio Version 17
VisualStudioVersion = 17.3.32825.248
MinimumVisualStudioVersion = 10.0.40219.1
Project("{FAE04EC0-301F-11D3-BF4B-00C04F79EFBC}") = "Persona", "Persona\Persona.csproj", "{7E7CAA57-51B7-4C7A-977A-84136C0330BF}"
EndProject
Global
	GlobalSection(SolutionConfigurationPlatforms) = preSolution
		Debug|Any CPU = Debug|Any CPU
		Release|Any CPU = Release|Any CPU
	EndGlobalSection
	GlobalSection(ProjectConfigurationPlatforms) = postSolution
		{7E7CAA57-51B7-4C7A-977A-84136C0330BF}.Debug|Any CPU.ActiveCfg = Debug|Any CPU
		{7E7CAA57-51B7-4C7A-977A-84136C0330BF}.Debug|Any CPU.Build.0 = Debug|Any CPU
		{7E7CAA57-51B7-4C7A-977A-84136C0330BF}.Release|Any CPU.ActiveCfg = Release|Any CPU
		{7E7CAA57-51B7-4C7A-977A-84136C0330BF}.Release|Any CPU.Build.0 = Release|Any CPU
	EndGlobalSection
	GlobalSection(SolutionProperties) = preSolution
		HideSolutionNode = FALSE
	EndGlobalSection
	GlobalSection(ExtensibilityGlobals) = postSolution
		SolutionGuid = {E91E72B1-0B32-408F-848C-7CBF93D9831C}
	EndGlobalSection
EndGlobal
