
Microsoft Visual Studio Solution File, Format Version 12.00
# Visual Studio Version 17
VisualStudioVersion = 17.3.32825.248
MinimumVisualStudioVersion = 10.0.40219.1
Project("{FAE04EC0-301F-11D3-BF4B-00C04F79EFBC}") = "BasuraHerencias", "BasuraHerencias\BasuraHerencias.csproj", "{6F45A5F9-C9F2-411C-9595-300BC8F5DF83}"
EndProject
Global
	GlobalSection(SolutionConfigurationPlatforms) = preSolution
		Debug|Any CPU = Debug|Any CPU
		Release|Any CPU = Release|Any CPU
	EndGlobalSection
	GlobalSection(ProjectConfigurationPlatforms) = postSolution
		{6F45A5F9-C9F2-411C-9595-300BC8F5DF83}.Debug|Any CPU.ActiveCfg = Debug|Any CPU
		{6F45A5F9-C9F2-411C-9595-300BC8F5DF83}.Debug|Any CPU.Build.0 = Debug|Any CPU
		{6F45A5F9-C9F2-411C-9595-300BC8F5DF83}.Release|Any CPU.ActiveCfg = Release|Any CPU
		{6F45A5F9-C9F2-411C-9595-300BC8F5DF83}.Release|Any CPU.Build.0 = Release|Any CPU
	EndGlobalSection
	GlobalSection(SolutionProperties) = preSolution
		HideSolutionNode = FALSE
	EndGlobalSection
	GlobalSection(ExtensibilityGlobals) = postSolution
		SolutionGuid = {8F2576E3-1D37-447B-82B8-7221DBE71DCB}
	EndGlobalSection
EndGlobal
