
Microsoft Visual Studio Solution File, Format Version 12.00
# Visual Studio Version 17
VisualStudioVersion = 17.7.34024.191
MinimumVisualStudioVersion = 10.0.40219.1
Project("{FAE04EC0-301F-11D3-BF4B-00C04F79EFBC}") = "Examen2EVA_JGG", "Examen2EVA_JGG\Examen2EVA_JGG.csproj", "{D22332B8-9ABD-4084-9393-D4B2972FA029}"
EndProject
Global
	GlobalSection(SolutionConfigurationPlatforms) = preSolution
		Debug|Any CPU = Debug|Any CPU
		Release|Any CPU = Release|Any CPU
	EndGlobalSection
	GlobalSection(ProjectConfigurationPlatforms) = postSolution
		{D22332B8-9ABD-4084-9393-D4B2972FA029}.Debug|Any CPU.ActiveCfg = Debug|Any CPU
		{D22332B8-9ABD-4084-9393-D4B2972FA029}.Debug|Any CPU.Build.0 = Debug|Any CPU
		{D22332B8-9ABD-4084-9393-D4B2972FA029}.Release|Any CPU.ActiveCfg = Release|Any CPU
		{D22332B8-9ABD-4084-9393-D4B2972FA029}.Release|Any CPU.Build.0 = Release|Any CPU
	EndGlobalSection
	GlobalSection(SolutionProperties) = preSolution
		HideSolutionNode = FALSE
	EndGlobalSection
	GlobalSection(ExtensibilityGlobals) = postSolution
		SolutionGuid = {BD6FE14A-3147-4304-B148-A6789399955E}
	EndGlobalSection
EndGlobal
