
Microsoft Visual Studio Solution File, Format Version 12.00
# Visual Studio Version 17
VisualStudioVersion = 17.7.34024.191
MinimumVisualStudioVersion = 10.0.40219.1
Project("{FAE04EC0-301F-11D3-BF4B-00C04F79EFBC}") = "CharacterClass", "CharacterClass\CharacterClass.csproj", "{165A4F18-EED4-4116-A9BA-CC38D4E19E3A}"
EndProject
Global
	GlobalSection(SolutionConfigurationPlatforms) = preSolution
		Debug|Any CPU = Debug|Any CPU
		Release|Any CPU = Release|Any CPU
	EndGlobalSection
	GlobalSection(ProjectConfigurationPlatforms) = postSolution
		{165A4F18-EED4-4116-A9BA-CC38D4E19E3A}.Debug|Any CPU.ActiveCfg = Debug|Any CPU
		{165A4F18-EED4-4116-A9BA-CC38D4E19E3A}.Debug|Any CPU.Build.0 = Debug|Any CPU
		{165A4F18-EED4-4116-A9BA-CC38D4E19E3A}.Release|Any CPU.ActiveCfg = Release|Any CPU
		{165A4F18-EED4-4116-A9BA-CC38D4E19E3A}.Release|Any CPU.Build.0 = Release|Any CPU
	EndGlobalSection
	GlobalSection(SolutionProperties) = preSolution
		HideSolutionNode = FALSE
	EndGlobalSection
	GlobalSection(ExtensibilityGlobals) = postSolution
		SolutionGuid = {26885D5B-EE3B-4881-8EBE-8623F8B37629}
	EndGlobalSection
EndGlobal
