
Microsoft Visual Studio Solution File, Format Version 12.00
# Visual Studio Version 17
VisualStudioVersion = 17.9.34622.214
MinimumVisualStudioVersion = 10.0.40219.1
Project("{FAE04EC0-301F-11D3-BF4B-00C04F79EFBC}") = "pruebaDelegates", "pruebaDelegates\pruebaDelegates.csproj", "{8E54EF7B-96F9-4872-9F4B-AAED334A8A94}"
EndProject
Global
	GlobalSection(SolutionConfigurationPlatforms) = preSolution
		Debug|Any CPU = Debug|Any CPU
		Release|Any CPU = Release|Any CPU
	EndGlobalSection
	GlobalSection(ProjectConfigurationPlatforms) = postSolution
		{8E54EF7B-96F9-4872-9F4B-AAED334A8A94}.Debug|Any CPU.ActiveCfg = Debug|Any CPU
		{8E54EF7B-96F9-4872-9F4B-AAED334A8A94}.Debug|Any CPU.Build.0 = Debug|Any CPU
		{8E54EF7B-96F9-4872-9F4B-AAED334A8A94}.Release|Any CPU.ActiveCfg = Release|Any CPU
		{8E54EF7B-96F9-4872-9F4B-AAED334A8A94}.Release|Any CPU.Build.0 = Release|Any CPU
	EndGlobalSection
	GlobalSection(SolutionProperties) = preSolution
		HideSolutionNode = FALSE
	EndGlobalSection
	GlobalSection(ExtensibilityGlobals) = postSolution
		SolutionGuid = {C3E3FB08-CCD0-468D-AE21-20E36E7260D1}
	EndGlobalSection
EndGlobal
