
Microsoft Visual Studio Solution File, Format Version 12.00
# Visual Studio Version 17
VisualStudioVersion = 17.3.32825.248
MinimumVisualStudioVersion = 10.0.40219.1
Project("{9A19103F-16F7-4668-BE54-9A1E7A4F7556}") = "DAMLib", "DAMLib\DAMLib.csproj", "{899B29C0-C284-44E7-8723-CB60C7517A6E}"
EndProject
Project("{9A19103F-16F7-4668-BE54-9A1E7A4F7556}") = "DamLibTest", "DAMLibTest\DamLibTest.csproj", "{655C621F-7D0D-40D8-9065-E3C479AF2045}"
EndProject
Global
	GlobalSection(SolutionConfigurationPlatforms) = preSolution
		Debug|Any CPU = Debug|Any CPU
		Release|Any CPU = Release|Any CPU
	EndGlobalSection
	GlobalSection(ProjectConfigurationPlatforms) = postSolution
		{899B29C0-C284-44E7-8723-CB60C7517A6E}.Debug|Any CPU.ActiveCfg = Debug|Any CPU
		{899B29C0-C284-44E7-8723-CB60C7517A6E}.Debug|Any CPU.Build.0 = Debug|Any CPU
		{899B29C0-C284-44E7-8723-CB60C7517A6E}.Release|Any CPU.ActiveCfg = Release|Any CPU
		{899B29C0-C284-44E7-8723-CB60C7517A6E}.Release|Any CPU.Build.0 = Release|Any CPU
		{655C621F-7D0D-40D8-9065-E3C479AF2045}.Debug|Any CPU.ActiveCfg = Debug|Any CPU
		{655C621F-7D0D-40D8-9065-E3C479AF2045}.Debug|Any CPU.Build.0 = Debug|Any CPU
		{655C621F-7D0D-40D8-9065-E3C479AF2045}.Release|Any CPU.ActiveCfg = Release|Any CPU
		{655C621F-7D0D-40D8-9065-E3C479AF2045}.Release|Any CPU.Build.0 = Release|Any CPU
	EndGlobalSection
	GlobalSection(SolutionProperties) = preSolution
		HideSolutionNode = FALSE
	EndGlobalSection
	GlobalSection(ExtensibilityGlobals) = postSolution
		SolutionGuid = {6DA3CB75-5B87-4889-8BA0-AB294112D500}
	EndGlobalSection
EndGlobal
